
Microsoft Visual Studio Solution File, Format Version 12.00
# Visual Studio Version 16
VisualStudioVersion = 16.0.30114.105
MinimumVisualStudioVersion = 10.0.40219.1
Project("{FAE04EC0-301F-11D3-BF4B-00C04F79EFBC}") = "Core", "Core\Core.csproj", "{5274603B-42C9-49C8-A3E0-C603C26746F6}"
EndProject
Project("{FAE04EC0-301F-11D3-BF4B-00C04F79EFBC}") = "Api", "Api\Api.csproj", "{F4142B1A-B550-4471-9CBA-1A2A1360BFD2}"
EndProject
Project("{FAE04EC0-301F-11D3-BF4B-00C04F79EFBC}") = "Rabbit", "Rabbit\Rabbit.csproj", "{CB4BC4B3-B8CB-4572-AA0B-DB3F4343A494}"
EndProject
Global
	GlobalSection(SolutionConfigurationPlatforms) = preSolution
		Debug|Any CPU = Debug|Any CPU
		Release|Any CPU = Release|Any CPU
	EndGlobalSection
	GlobalSection(SolutionProperties) = preSolution
		HideSolutionNode = FALSE
	EndGlobalSection
	GlobalSection(ProjectConfigurationPlatforms) = postSolution
		{5274603B-42C9-49C8-A3E0-C603C26746F6}.Debug|Any CPU.ActiveCfg = Debug|Any CPU
		{5274603B-42C9-49C8-A3E0-C603C26746F6}.Debug|Any CPU.Build.0 = Debug|Any CPU
		{5274603B-42C9-49C8-A3E0-C603C26746F6}.Release|Any CPU.ActiveCfg = Release|Any CPU
		{5274603B-42C9-49C8-A3E0-C603C26746F6}.Release|Any CPU.Build.0 = Release|Any CPU
		{F4142B1A-B550-4471-9CBA-1A2A1360BFD2}.Debug|Any CPU.ActiveCfg = Debug|Any CPU
		{F4142B1A-B550-4471-9CBA-1A2A1360BFD2}.Debug|Any CPU.Build.0 = Debug|Any CPU
		{F4142B1A-B550-4471-9CBA-1A2A1360BFD2}.Release|Any CPU.ActiveCfg = Release|Any CPU
		{F4142B1A-B550-4471-9CBA-1A2A1360BFD2}.Release|Any CPU.Build.0 = Release|Any CPU
		{CB4BC4B3-B8CB-4572-AA0B-DB3F4343A494}.Debug|Any CPU.ActiveCfg = Debug|Any CPU
		{CB4BC4B3-B8CB-4572-AA0B-DB3F4343A494}.Debug|Any CPU.Build.0 = Debug|Any CPU
		{CB4BC4B3-B8CB-4572-AA0B-DB3F4343A494}.Release|Any CPU.ActiveCfg = Release|Any CPU
		{CB4BC4B3-B8CB-4572-AA0B-DB3F4343A494}.Release|Any CPU.Build.0 = Release|Any CPU
	EndGlobalSection
EndGlobal
